
Microsoft Visual Studio Solution File, Format Version 12.00
# Visual Studio Version 16
VisualStudioVersion = 16.0.30717.126
MinimumVisualStudioVersion = 10.0.40219.1
Project("{9A19103F-16F7-4668-BE54-9A1E7A4F7556}") = "Workshop.DI.AutofacConfiguration", "Workshop.DI.AutofacConfiguration\Workshop.DI.AutofacConfiguration.csproj", "{3DC8652C-3D5B-415B-A6C8-DE001707026A}"
EndProject
Project("{9A19103F-16F7-4668-BE54-9A1E7A4F7556}") = "Workshop.DI.AutofacContainer", "Workshop.DI.AutofacContainer\Workshop.DI.AutofacContainer.csproj", "{2D1F318B-638E-4D0E-BD9F-F40E7F94D6EC}"
EndProject
Project("{9A19103F-16F7-4668-BE54-9A1E7A4F7556}") = "Workshop.DI.AutofacAttribute", "Workshop.DI.AutofacAttribute\Workshop.DI.AutofacAttribute.csproj", "{F425ED86-A7EF-45DB-A910-15A50573493C}"
EndProject
Project("{9A19103F-16F7-4668-BE54-9A1E7A4F7556}") = "Workshop.DI.MicrosoftExtension", "Workshop.DI.MicrosoftExtension\Workshop.DI.MicrosoftExtension.csproj", "{397C49B9-909C-47DE-A795-86330E9873DB}"
EndProject
Project("{FAE04EC0-301F-11D3-BF4B-00C04F79EFBC}") = "Specifications.Attributes", "Specifications.Attributes\Specifications.Attributes.csproj", "{38118DBC-5889-4021-9289-700F8886CA5D}"
EndProject
Global
	GlobalSection(SolutionConfigurationPlatforms) = preSolution
		Debug|Any CPU = Debug|Any CPU
		Release|Any CPU = Release|Any CPU
	EndGlobalSection
	GlobalSection(ProjectConfigurationPlatforms) = postSolution
		{3DC8652C-3D5B-415B-A6C8-DE001707026A}.Debug|Any CPU.ActiveCfg = Debug|Any CPU
		{3DC8652C-3D5B-415B-A6C8-DE001707026A}.Debug|Any CPU.Build.0 = Debug|Any CPU
		{3DC8652C-3D5B-415B-A6C8-DE001707026A}.Release|Any CPU.ActiveCfg = Release|Any CPU
		{3DC8652C-3D5B-415B-A6C8-DE001707026A}.Release|Any CPU.Build.0 = Release|Any CPU
		{2D1F318B-638E-4D0E-BD9F-F40E7F94D6EC}.Debug|Any CPU.ActiveCfg = Debug|Any CPU
		{2D1F318B-638E-4D0E-BD9F-F40E7F94D6EC}.Debug|Any CPU.Build.0 = Debug|Any CPU
		{2D1F318B-638E-4D0E-BD9F-F40E7F94D6EC}.Release|Any CPU.ActiveCfg = Release|Any CPU
		{2D1F318B-638E-4D0E-BD9F-F40E7F94D6EC}.Release|Any CPU.Build.0 = Release|Any CPU
		{F425ED86-A7EF-45DB-A910-15A50573493C}.Debug|Any CPU.ActiveCfg = Debug|Any CPU
		{F425ED86-A7EF-45DB-A910-15A50573493C}.Debug|Any CPU.Build.0 = Debug|Any CPU
		{F425ED86-A7EF-45DB-A910-15A50573493C}.Release|Any CPU.ActiveCfg = Release|Any CPU
		{F425ED86-A7EF-45DB-A910-15A50573493C}.Release|Any CPU.Build.0 = Release|Any CPU
		{397C49B9-909C-47DE-A795-86330E9873DB}.Debug|Any CPU.ActiveCfg = Debug|Any CPU
		{397C49B9-909C-47DE-A795-86330E9873DB}.Debug|Any CPU.Build.0 = Debug|Any CPU
		{397C49B9-909C-47DE-A795-86330E9873DB}.Release|Any CPU.ActiveCfg = Release|Any CPU
		{397C49B9-909C-47DE-A795-86330E9873DB}.Release|Any CPU.Build.0 = Release|Any CPU
		{38118DBC-5889-4021-9289-700F8886CA5D}.Debug|Any CPU.ActiveCfg = Debug|Any CPU
		{38118DBC-5889-4021-9289-700F8886CA5D}.Debug|Any CPU.Build.0 = Debug|Any CPU
		{38118DBC-5889-4021-9289-700F8886CA5D}.Release|Any CPU.ActiveCfg = Release|Any CPU
		{38118DBC-5889-4021-9289-700F8886CA5D}.Release|Any CPU.Build.0 = Release|Any CPU
	EndGlobalSection
	GlobalSection(SolutionProperties) = preSolution
		HideSolutionNode = FALSE
	EndGlobalSection
	GlobalSection(ExtensibilityGlobals) = postSolution
		SolutionGuid = {4C7B090F-CB10-4330-9D89-0A1CF9E5520C}
	EndGlobalSection
EndGlobal
